<?xml version="1.0" encoding="utf-8"?>
<Project ToolsVersion="4.0" xmlns="http://schemas.microsoft.com/developer/msbuild/2003">
  <ItemGroup>
    <Filter Include="Source Files">
      <UniqueIdentifier>{4FC737F1-C7A5-4376-A066-2A32D752A2FF}</UniqueIdentifier>
      <Extensions>cpp;c;cc;cxx;def;odl;idl;hpj;bat;asm;asmx</Extensions>
    </Filter>
    <Filter Include="Header Files">
      <UniqueIdentifier>{93995380-89BD-4b04-88EB-625FBE52EBFB}</UniqueIdentifier>
      <Extensions>h;hpp;hxx;hm;inl;inc;xsd</Extensions>
    </Filter>
    <Filter Include="Resource Files">
      <UniqueIdentifier>{67DA6AB6-F800-4c08-8B7A-83BB121AAD01}</UniqueIdentifier>
      <Extensions>rc;ico;cur;bmp;dlg;rc2;rct;bin;rgs;gif;jpg;jpeg;jpe;resx;tiff;tif;png;wav</Extensions>
    </Filter>
  </ItemGroup>
  <ItemGroup>
    <ClCompile Include="3GModemConnect.cpp">
      <Filter>Source Files</Filter>
    </ClCompile>
    <ClCompile Include="3GModemConnectDlg.cpp">
      <Filter>Source Files</Filter>
    </ClCompile>
    <ClCompile Include="CtrlTraffic.cpp">
      <Filter>Source Files</Filter>
    </ClCompile>
    <ClCompile Include="DummyModem.cpp">
      <Filter>Source Files</Filter>
    </ClCompile>
    <ClCompile Include="History.cpp">
      <Filter>Source Files</Filter>
    </ClCompile>
    <ClCompile Include="HistoryDlg.cpp">
      <Filter>Source Files</Filter>
    </ClCompile>
    <ClCompile Include="HuaweiCDMAModem.cpp">
      <Filter>Source Files</Filter>
    </ClCompile>
    <ClCompile Include="HuaweiModem.cpp">
      <Filter>Source Files</Filter>
    </ClCompile>
    <ClCompile Include="Log.cpp">
      <Filter>Source Files</Filter>
    </ClCompile>
    <ClCompile Include="Modem.cpp">
      <Filter>Source Files</Filter>
    </ClCompile>
    <ClCompile Include="ModemFactory.cpp">
      <Filter>Source Files</Filter>
    </ClCompile>
    <ClCompile Include="MyRAS.cpp">
      <Filter>Source Files</Filter>
    </ClCompile>
    <ClCompile Include="Serial.cpp">
      <Filter>Source Files</Filter>
    </ClCompile>
    <ClCompile Include="stdafx.cpp">
      <Filter>Source Files</Filter>
    </ClCompile>
    <ClCompile Include="TrafficDlg.cpp">
      <Filter>Source Files</Filter>
    </ClCompile>
    <ClCompile Include="TrayIcon.cpp">
      <Filter>Source Files</Filter>
    </ClCompile>
    <ClCompile Include="ZTEModem.cpp">
      <Filter>Source Files</Filter>
    </ClCompile>
    <ClCompile Include="CustomStatic.cpp">
      <Filter>Source Files</Filter>
    </ClCompile>
  </ItemGroup>
  <ItemGroup>
    <ClInclude Include="3GModemConnect.h">
      <Filter>Header Files</Filter>
    </ClInclude>
    <ClInclude Include="3GModemConnectDlg.h">
      <Filter>Header Files</Filter>
    </ClInclude>
    <ClInclude Include="CtrlTraffic.h">
      <Filter>Header Files</Filter>
    </ClInclude>
    <ClInclude Include="DummyModem.h">
      <Filter>Header Files</Filter>
    </ClInclude>
    <ClInclude Include="History.h">
      <Filter>Header Files</Filter>
    </ClInclude>
    <ClInclude Include="HistoryDlg.h">
      <Filter>Header Files</Filter>
    </ClInclude>
    <ClInclude Include="HuaweiCDMAModem.h">
      <Filter>Header Files</Filter>
    </ClInclude>
    <ClInclude Include="HuaweiModem.h">
      <Filter>Header Files</Filter>
    </ClInclude>
    <ClInclude Include="Log.h">
      <Filter>Header Files</Filter>
    </ClInclude>
    <ClInclude Include="Modem.h">
      <Filter>Header Files</Filter>
    </ClInclude>
    <ClInclude Include="ModemFactory.h">
      <Filter>Header Files</Filter>
    </ClInclude>
    <ClInclude Include="MyRAS.h">
      <Filter>Header Files</Filter>
    </ClInclude>
    <ClInclude Include="Resource.h">
      <Filter>Header Files</Filter>
    </ClInclude>
    <ClInclude Include="Serial.h">
      <Filter>Header Files</Filter>
    </ClInclude>
    <ClInclude Include="stdafx.h">
      <Filter>Header Files</Filter>
    </ClInclude>
    <ClInclude Include="targetver.h">
      <Filter>Header Files</Filter>
    </ClInclude>
    <ClInclude Include="TrafficDlg.h">
      <Filter>Header Files</Filter>
    </ClInclude>
    <ClInclude Include="TrayIcon.h">
      <Filter>Header Files</Filter>
    </ClInclude>
    <ClInclude Include="ZTEModem.h">
      <Filter>Header Files</Filter>
    </ClInclude>
    <ClInclude Include="CustomStatic.h">
      <Filter>Header Files</Filter>
    </ClInclude>
  </ItemGroup>
  <ItemGroup>
    <None Include="res\3GModemConnect.ico">
      <Filter>Resource Files</Filter>
    </None>
    <None Include="res\icon2.ico">
      <Filter>Resource Files</Filter>
    </None>
    <None Include="res\iconEDEG1.ico">
      <Filter>Resource Files</Filter>
    </None>
    <None Include="res\iconEDEG2.ico">
      <Filter>Resource Files</Filter>
    </None>
    <None Include="res\iconEDEG3.ico">
      <Filter>Resource Files</Filter>
    </None>
    <None Include="res\iconEDEG4.ico">
      <Filter>Resource Files</Filter>
    </None>
    <None Include="res\iconEDEG5.ico">
      <Filter>Resource Files</Filter>
    </None>
    <None Include="res\iconHSDPA1.ico">
      <Filter>Resource Files</Filter>
    </None>
    <None Include="res\iconHSDPA2.ico">
      <Filter>Resource Files</Filter>
    </None>
    <None Include="res\iconHSDPA3.ico">
      <Filter>Resource Files</Filter>
    </None>
    <None Include="res\iconHSDPA4.ico">
      <Filter>Resource Files</Filter>
    </None>
    <None Include="res\iconHSDPA5.ico">
      <Filter>Resource Files</Filter>
    </None>
    <None Include="res\iconWCDMA1.ico">
      <Filter>Resource Files</Filter>
    </None>
    <None Include="res\iconWCDMA2.ico">
      <Filter>Resource Files</Filter>
    </None>
    <None Include="res\iconWCDMA3.ico">
      <Filter>Resource Files</Filter>
    </None>
    <None Include="res\iconWCDMA4.ico">
      <Filter>Resource Files</Filter>
    </None>
    <None Include="res\iconWCDMA5.ico">
      <Filter>Resource Files</Filter>
    </None>
    <None Include="res\My3GModemConnect.rc2">
      <Filter>Resource Files</Filter>
    </None>
    <None Include="ReadMe.txt" />
  </ItemGroup>
  <ItemGroup>
    <ResourceCompile Include="3GModemConnect.rc">
      <Filter>Resource Files</Filter>
    </ResourceCompile>
  </ItemGroup>
</Project>